
Microsoft Visual Studio Solution File, Format Version 12.00
# Visual Studio 15
VisualStudioVersion = 15.0.28010.2003
MinimumVisualStudioVersion = 10.0.40219.1
Project("{FAE04EC0-301F-11D3-BF4B-00C04F79EFBC}") = "chayanklib", "chayanklib\chayanklib.csproj", "{37D6F310-7735-4F70-9D49-5343BA42C38D}"
EndProject
Global
	GlobalSection(SolutionConfigurationPlatforms) = preSolution
		Debug|Any CPU = Debug|Any CPU
		Release|Any CPU = Release|Any CPU
	EndGlobalSection
	GlobalSection(ProjectConfigurationPlatforms) = postSolution
		{37D6F310-7735-4F70-9D49-5343BA42C38D}.Debug|Any CPU.ActiveCfg = Debug|Any CPU
		{37D6F310-7735-4F70-9D49-5343BA42C38D}.Debug|Any CPU.Build.0 = Debug|Any CPU
		{37D6F310-7735-4F70-9D49-5343BA42C38D}.Release|Any CPU.ActiveCfg = Release|Any CPU
		{37D6F310-7735-4F70-9D49-5343BA42C38D}.Release|Any CPU.Build.0 = Release|Any CPU
	EndGlobalSection
	GlobalSection(SolutionProperties) = preSolution
		HideSolutionNode = FALSE
	EndGlobalSection
	GlobalSection(ExtensibilityGlobals) = postSolution
		SolutionGuid = {6FB0A99D-2535-481C-8D09-A46E378C4B3A}
	EndGlobalSection
EndGlobal
