
Microsoft Visual Studio Solution File, Format Version 12.00
# Visual Studio 15
VisualStudioVersion = 15.0.28010.2003
MinimumVisualStudioVersion = 10.0.40219.1
Project("{FAE04EC0-301F-11D3-BF4B-00C04F79EFBC}") = "WebApplication1", "WebApplication1\WebApplication1.csproj", "{C1BBE1C6-CCF2-4E75-B657-56F227375605}"
EndProject
Global
	GlobalSection(SolutionConfigurationPlatforms) = preSolution
		Debug|Any CPU = Debug|Any CPU
		Release|Any CPU = Release|Any CPU
	EndGlobalSection
	GlobalSection(ProjectConfigurationPlatforms) = postSolution
		{C1BBE1C6-CCF2-4E75-B657-56F227375605}.Debug|Any CPU.ActiveCfg = Debug|Any CPU
		{C1BBE1C6-CCF2-4E75-B657-56F227375605}.Debug|Any CPU.Build.0 = Debug|Any CPU
		{C1BBE1C6-CCF2-4E75-B657-56F227375605}.Release|Any CPU.ActiveCfg = Release|Any CPU
		{C1BBE1C6-CCF2-4E75-B657-56F227375605}.Release|Any CPU.Build.0 = Release|Any CPU
	EndGlobalSection
	GlobalSection(SolutionProperties) = preSolution
		HideSolutionNode = FALSE
	EndGlobalSection
	GlobalSection(ExtensibilityGlobals) = postSolution
		SolutionGuid = {16AED649-0305-40D1-BB30-58F6A9455EF2}
	EndGlobalSection
EndGlobal
