
Microsoft Visual Studio Solution File, Format Version 12.00
# Visual Studio 15
VisualStudioVersion = 15.0.28010.2003
MinimumVisualStudioVersion = 10.0.40219.1
Project("{FAE04EC0-301F-11D3-BF4B-00C04F79EFBC}") = "ConsoleApp1", "ConsoleApp1\ConsoleApp1.csproj", "{3E112E3E-DFD7-4F01-A3A4-AE03FE02D5CD}"
EndProject
Global
	GlobalSection(SolutionConfigurationPlatforms) = preSolution
		Debug|Any CPU = Debug|Any CPU
		Release|Any CPU = Release|Any CPU
	EndGlobalSection
	GlobalSection(ProjectConfigurationPlatforms) = postSolution
		{3E112E3E-DFD7-4F01-A3A4-AE03FE02D5CD}.Debug|Any CPU.ActiveCfg = Debug|Any CPU
		{3E112E3E-DFD7-4F01-A3A4-AE03FE02D5CD}.Debug|Any CPU.Build.0 = Debug|Any CPU
		{3E112E3E-DFD7-4F01-A3A4-AE03FE02D5CD}.Release|Any CPU.ActiveCfg = Release|Any CPU
		{3E112E3E-DFD7-4F01-A3A4-AE03FE02D5CD}.Release|Any CPU.Build.0 = Release|Any CPU
	EndGlobalSection
	GlobalSection(SolutionProperties) = preSolution
		HideSolutionNode = FALSE
	EndGlobalSection
	GlobalSection(ExtensibilityGlobals) = postSolution
		SolutionGuid = {7F619D54-A431-4764-8604-7A9D2F0C9650}
	EndGlobalSection
EndGlobal
